// !$*UTF8*$!
{
	archiveVersion = 1;
	classes = {
	};
	objectVersion = 50;
	objects = {

/* Begin PBXBuildFile section */
		1BCD189B2448F47D0047F83F /* AppDelegate.swift in Sources */ = {isa = PBXBuildFile; fileRef = 1BCD189A2448F47D0047F83F /* AppDelegate.swift */; };
		1BCD189D2448F47D0047F83F /* SceneDelegate.swift in Sources */ = {isa = PBXBuildFile; fileRef = 1BCD189C2448F47D0047F83F /* SceneDelegate.swift */; };
		1BCD18A22448F47D0047F83F /* Main.storyboard in Resources */ = {isa = PBXBuildFile; fileRef = 1BCD18A02448F47D0047F83F /* Main.storyboard */; };
		1BCD18A42448F47F0047F83F /* Assets.xcassets in Resources */ = {isa = PBXBuildFile; fileRef = 1BCD18A32448F47F0047F83F /* Assets.xcassets */; };
		1BCD18A72448F47F0047F83F /* LaunchScreen.storyboard in Resources */ = {isa = PBXBuildFile; fileRef = 1BCD18A52448F47F0047F83F /* LaunchScreen.storyboard */; };
		1BCD18B22448F47F0047F83F /* _9namesTests.swift in Sources */ = {isa = PBXBuildFile; fileRef = 1BCD18B12448F47F0047F83F /* _9namesTests.swift */; };
		1BCD18BD2448F47F0047F83F /* _9namesUITests.swift in Sources */ = {isa = PBXBuildFile; fileRef = 1BCD18BC2448F47F0047F83F /* _9namesUITests.swift */; };
		1BCD18CB2448F7850047F83F /* ListVC.swift in Sources */ = {isa = PBXBuildFile; fileRef = 1BCD18CA2448F7850047F83F /* ListVC.swift */; };
		1BCD18CF244903700047F83F /* nameCell.swift in Sources */ = {isa = PBXBuildFile; fileRef = 1BCD18CE244903700047F83F /* nameCell.swift */; };
		1BCD18D1244912B20047F83F /* object.swift in Sources */ = {isa = PBXBuildFile; fileRef = 1BCD18D0244912B20047F83F /* object.swift */; };
		1BCD18D5244B34110047F83F /* MemorizedVC.swift in Sources */ = {isa = PBXBuildFile; fileRef = 1BCD18D4244B34110047F83F /* MemorizedVC.swift */; };
		1BCD18D7244B497C0047F83F /* StudyVC.swift in Sources */ = {isa = PBXBuildFile; fileRef = 1BCD18D6244B497C0047F83F /* StudyVC.swift */; };
		1BCD18DC244B49EB0047F83F /* iCarousel.m in Sources */ = {isa = PBXBuildFile; fileRef = 1BCD18DB244B49EB0047F83F /* iCarousel.m */; };
		1BCD18E7244B68450047F83F /* studyCell.swift in Sources */ = {isa = PBXBuildFile; fileRef = 1BCD18E5244B68450047F83F /* studyCell.swift */; };
		1BCD18E8244B68450047F83F /* studyCell.xib in Resources */ = {isa = PBXBuildFile; fileRef = 1BCD18E6244B68450047F83F /* studyCell.xib */; };
		1BCD18EA244B6BE10047F83F /* UPCarouselFlowLayout.swift in Sources */ = {isa = PBXBuildFile; fileRef = 1BCD18E9244B6BE10047F83F /* UPCarouselFlowLayout.swift */; };
/* End PBXBuildFile section */

/* Begin PBXContainerItemProxy section */
		1BCD18AE2448F47F0047F83F /* PBXContainerItemProxy */ = {
			isa = PBXContainerItemProxy;
			containerPortal = 1BCD188F2448F47D0047F83F /* Project object */;
			proxyType = 1;
			remoteGlobalIDString = 1BCD18962448F47D0047F83F;
			remoteInfo = 99names;
		};
		1BCD18B92448F47F0047F83F /* PBXContainerItemProxy */ = {
			isa = PBXContainerItemProxy;
			containerPortal = 1BCD188F2448F47D0047F83F /* Project object */;
			proxyType = 1;
			remoteGlobalIDString = 1BCD18962448F47D0047F83F;
			remoteInfo = 99names;
		};
/* End PBXContainerItemProxy section */

/* Begin PBXFileReference section */
		1BCD18972448F47D0047F83F /* 99names.app */ = {isa = PBXFileReference; explicitFileType = wrapper.application; includeInIndex = 0; path = 99names.app; sourceTree = BUILT_PRODUCTS_DIR; };
		1BCD189A2448F47D0047F83F /* AppDelegate.swift */ = {isa = PBXFileReference; lastKnownFileType = sourcecode.swift; path = AppDelegate.swift; sourceTree = "<group>"; };
		1BCD189C2448F47D0047F83F /* SceneDelegate.swift */ = {isa = PBXFileReference; lastKnownFileType = sourcecode.swift; path = SceneDelegate.swift; sourceTree = "<group>"; };
		1BCD18A12448F47D0047F83F /* Base */ = {isa = PBXFileReference; lastKnownFileType = file.storyboard; name = Base; path = Base.lproj/Main.storyboard; sourceTree = "<group>"; };
		1BCD18A32448F47F0047F83F /* Assets.xcassets */ = {isa = PBXFileReference; lastKnownFileType = folder.assetcatalog; path = Assets.xcassets; sourceTree = "<group>"; };
		1BCD18A62448F47F0047F83F /* Base */ = {isa = PBXFileReference; lastKnownFileType = file.storyboard; name = Base; path = Base.lproj/LaunchScreen.storyboard; sourceTree = "<group>"; };
		1BCD18A82448F47F0047F83F /* Info.plist */ = {isa = PBXFileReference; lastKnownFileType = text.plist.xml; path = Info.plist; sourceTree = "<group>"; };
		1BCD18AD2448F47F0047F83F /* 99namesTests.xctest */ = {isa = PBXFileReference; explicitFileType = wrapper.cfbundle; includeInIndex = 0; path = 99namesTests.xctest; sourceTree = BUILT_PRODUCTS_DIR; };
		1BCD18B12448F47F0047F83F /* _9namesTests.swift */ = {isa = PBXFileReference; lastKnownFileType = sourcecode.swift; path = _9namesTests.swift; sourceTree = "<group>"; };
		1BCD18B32448F47F0047F83F /* Info.plist */ = {isa = PBXFileReference; lastKnownFileType = text.plist.xml; path = Info.plist; sourceTree = "<group>"; };
		1BCD18B82448F47F0047F83F /* 99namesUITests.xctest */ = {isa = PBXFileReference; explicitFileType = wrapper.cfbundle; includeInIndex = 0; path = 99namesUITests.xctest; sourceTree = BUILT_PRODUCTS_DIR; };
		1BCD18BC2448F47F0047F83F /* _9namesUITests.swift */ = {isa = PBXFileReference; lastKnownFileType = sourcecode.swift; path = _9namesUITests.swift; sourceTree = "<group>"; };
		1BCD18BE2448F47F0047F83F /* Info.plist */ = {isa = PBXFileReference; lastKnownFileType = text.plist.xml; path = Info.plist; sourceTree = "<group>"; };
		1BCD18CA2448F7850047F83F /* ListVC.swift */ = {isa = PBXFileReference; lastKnownFileType = sourcecode.swift; path = ListVC.swift; sourceTree = "<group>"; };
		1BCD18CE244903700047F83F /* nameCell.swift */ = {isa = PBXFileReference; lastKnownFileType = sourcecode.swift; path = nameCell.swift; sourceTree = "<group>"; };
		1BCD18D0244912B20047F83F /* object.swift */ = {isa = PBXFileReference; lastKnownFileType = sourcecode.swift; path = object.swift; sourceTree = "<group>"; };
		1BCD18D4244B34110047F83F /* MemorizedVC.swift */ = {isa = PBXFileReference; lastKnownFileType = sourcecode.swift; path = MemorizedVC.swift; sourceTree = "<group>"; };
		1BCD18D6244B497C0047F83F /* StudyVC.swift */ = {isa = PBXFileReference; lastKnownFileType = sourcecode.swift; path = StudyVC.swift; sourceTree = "<group>"; };
		1BCD18D9244B49EA0047F83F /* 99names-Bridging-Header.h */ = {isa = PBXFileReference; lastKnownFileType = sourcecode.c.h; path = "99names-Bridging-Header.h"; sourceTree = "<group>"; };
		1BCD18DA244B49EB0047F83F /* iCarousel.h */ = {isa = PBXFileReference; fileEncoding = 4; lastKnownFileType = sourcecode.c.h; path = iCarousel.h; sourceTree = "<group>"; };
		1BCD18DB244B49EB0047F83F /* iCarousel.m */ = {isa = PBXFileReference; fileEncoding = 4; lastKnownFileType = sourcecode.c.objc; path = iCarousel.m; sourceTree = "<group>"; };
		1BCD18E5244B68450047F83F /* studyCell.swift */ = {isa = PBXFileReference; lastKnownFileType = sourcecode.swift; path = studyCell.swift; sourceTree = "<group>"; };
		1BCD18E6244B68450047F83F /* studyCell.xib */ = {isa = PBXFileReference; lastKnownFileType = file.xib; path = studyCell.xib; sourceTree = "<group>"; };
		1BCD18E9244B6BE10047F83F /* UPCarouselFlowLayout.swift */ = {isa = PBXFileReference; fileEncoding = 4; lastKnownFileType = sourcecode.swift; path = UPCarouselFlowLayout.swift; sourceTree = "<group>"; };
/* End PBXFileReference section */

/* Begin PBXFrameworksBuildPhase section */
		1BCD18942448F47D0047F83F /* Frameworks */ = {
			isa = PBXFrameworksBuildPhase;
			buildActionMask = 2147483647;
			files = (
			);
			runOnlyForDeploymentPostprocessing = 0;
		};
		1BCD18AA2448F47F0047F83F /* Frameworks */ = {
			isa = PBXFrameworksBuildPhase;
			buildActionMask = 2147483647;
			files = (
			);
			runOnlyForDeploymentPostprocessing = 0;
		};
		1BCD18B52448F47F0047F83F /* Frameworks */ = {
			isa = PBXFrameworksBuildPhase;
			buildActionMask = 2147483647;
			files = (
			);
			runOnlyForDeploymentPostprocessing = 0;
		};
/* End PBXFrameworksBuildPhase section */

/* Begin PBXGroup section */
		1BCD188E2448F47D0047F83F = {
			isa = PBXGroup;
			children = (
				1BCD18992448F47D0047F83F /* 99names */,
				1BCD18B02448F47F0047F83F /* 99namesTests */,
				1BCD18BB2448F47F0047F83F /* 99namesUITests */,
				1BCD18982448F47D0047F83F /* Products */,
			);
			sourceTree = "<group>";
		};
		1BCD18982448F47D0047F83F /* Products */ = {
			isa = PBXGroup;
			children = (
				1BCD18972448F47D0047F83F /* 99names.app */,
				1BCD18AD2448F47F0047F83F /* 99namesTests.xctest */,
				1BCD18B82448F47F0047F83F /* 99namesUITests.xctest */,
			);
			name = Products;
			sourceTree = "<group>";
		};
		1BCD18992448F47D0047F83F /* 99names */ = {
			isa = PBXGroup;
			children = (
				1BCD18E2244B67E70047F83F /* ViewCells */,
				1BCD18E1244B67D40047F83F /* ViewControllers */,
				1BCD18D8244B49CC0047F83F /* Carousel */,
				1BCD189A2448F47D0047F83F /* AppDelegate.swift */,
				1BCD189C2448F47D0047F83F /* SceneDelegate.swift */,
				1BCD18A02448F47D0047F83F /* Main.storyboard */,
				1BCD18A32448F47F0047F83F /* Assets.xcassets */,
				1BCD18A52448F47F0047F83F /* LaunchScreen.storyboard */,
				1BCD18A82448F47F0047F83F /* Info.plist */,
			);
			path = 99names;
			sourceTree = "<group>";
		};
		1BCD18B02448F47F0047F83F /* 99namesTests */ = {
			isa = PBXGroup;
			children = (
				1BCD18B12448F47F0047F83F /* _9namesTests.swift */,
				1BCD18B32448F47F0047F83F /* Info.plist */,
			);
			path = 99namesTests;
			sourceTree = "<group>";
		};
		1BCD18BB2448F47F0047F83F /* 99namesUITests */ = {
			isa = PBXGroup;
			children = (
				1BCD18BC2448F47F0047F83F /* _9namesUITests.swift */,
				1BCD18BE2448F47F0047F83F /* Info.plist */,
			);
			path = 99namesUITests;
			sourceTree = "<group>";
		};
		1BCD18D8244B49CC0047F83F /* Carousel */ = {
			isa = PBXGroup;
			children = (
				1BCD18DA244B49EB0047F83F /* iCarousel.h */,
				1BCD18DB244B49EB0047F83F /* iCarousel.m */,
				1BCD18D9244B49EA0047F83F /* 99names-Bridging-Header.h */,
			);
			path = Carousel;
			sourceTree = "<group>";
		};
		1BCD18E1244B67D40047F83F /* ViewControllers */ = {
			isa = PBXGroup;
			children = (
				1BCD18E9244B6BE10047F83F /* UPCarouselFlowLayout.swift */,
				1BCD18D6244B497C0047F83F /* StudyVC.swift */,
				1BCD18D4244B34110047F83F /* MemorizedVC.swift */,
				1BCD18CA2448F7850047F83F /* ListVC.swift */,
			);
			path = ViewControllers;
			sourceTree = "<group>";
		};
		1BCD18E2244B67E70047F83F /* ViewCells */ = {
			isa = PBXGroup;
			children = (
				1BCD18CE244903700047F83F /* nameCell.swift */,
				1BCD18D0244912B20047F83F /* object.swift */,
				1BCD18E5244B68450047F83F /* studyCell.swift */,
				1BCD18E6244B68450047F83F /* studyCell.xib */,
			);
			path = ViewCells;
			sourceTree = "<group>";
		};
/* End PBXGroup section */

/* Begin PBXNativeTarget section */
		1BCD18962448F47D0047F83F /* 99names */ = {
			isa = PBXNativeTarget;
			buildConfigurationList = 1BCD18C12448F47F0047F83F /* Build configuration list for PBXNativeTarget "99names" */;
			buildPhases = (
				1BCD18932448F47D0047F83F /* Sources */,
				1BCD18942448F47D0047F83F /* Frameworks */,
				1BCD18952448F47D0047F83F /* Resources */,
			);
			buildRules = (
			);
			dependencies = (
			);
			name = 99names;
			productName = 99names;
			productReference = 1BCD18972448F47D0047F83F /* 99names.app */;
			productType = "com.apple.product-type.application";
		};
		1BCD18AC2448F47F0047F83F /* 99namesTests */ = {
			isa = PBXNativeTarget;
			buildConfigurationList = 1BCD18C42448F47F0047F83F /* Build configuration list for PBXNativeTarget "99namesTests" */;
			buildPhases = (
				1BCD18A92448F47F0047F83F /* Sources */,
				1BCD18AA2448F47F0047F83F /* Frameworks */,
				1BCD18AB2448F47F0047F83F /* Resources */,
			);
			buildRules = (
			);
			dependencies = (
				1BCD18AF2448F47F0047F83F /* PBXTargetDependency */,
			);
			name = 99namesTests;
			productName = 99namesTests;
			productReference = 1BCD18AD2448F47F0047F83F /* 99namesTests.xctest */;
			productType = "com.apple.product-type.bundle.unit-test";
		};
		1BCD18B72448F47F0047F83F /* 99namesUITests */ = {
			isa = PBXNativeTarget;
			buildConfigurationList = 1BCD18C72448F47F0047F83F /* Build configuration list for PBXNativeTarget "99namesUITests" */;
			buildPhases = (
				1BCD18B42448F47F0047F83F /* Sources */,
				1BCD18B52448F47F0047F83F /* Frameworks */,
				1BCD18B62448F47F0047F83F /* Resources */,
			);
			buildRules = (
			);
			dependencies = (
				1BCD18BA2448F47F0047F83F /* PBXTargetDependency */,
			);
			name = 99namesUITests;
			productName = 99namesUITests;
			productReference = 1BCD18B82448F47F0047F83F /* 99namesUITests.xctest */;
			productType = "com.apple.product-type.bundle.ui-testing";
		};
/* End PBXNativeTarget section */

/* Begin PBXProject section */
		1BCD188F2448F47D0047F83F /* Project object */ = {
			isa = PBXProject;
			attributes = {
				LastSwiftUpdateCheck = 1130;
				LastUpgradeCheck = 1130;
				ORGANIZATIONNAME = Helal;
				TargetAttributes = {
					1BCD18962448F47D0047F83F = {
						CreatedOnToolsVersion = 11.3.1;
						LastSwiftMigration = 1130;
					};
					1BCD18AC2448F47F0047F83F = {
						CreatedOnToolsVersion = 11.3.1;
						TestTargetID = 1BCD18962448F47D0047F83F;
					};
					1BCD18B72448F47F0047F83F = {
						CreatedOnToolsVersion = 11.3.1;
						TestTargetID = 1BCD18962448F47D0047F83F;
					};
				};
			};
			buildConfigurationList = 1BCD18922448F47D0047F83F /* Build configuration list for PBXProject "99names" */;
			compatibilityVersion = "Xcode 9.3";
			developmentRegion = en;
			hasScannedForEncodings = 0;
			knownRegions = (
				en,
				Base,
			);
			mainGroup = 1BCD188E2448F47D0047F83F;
			productRefGroup = 1BCD18982448F47D0047F83F /* Products */;
			projectDirPath = "";
			projectRoot = "";
			targets = (
				1BCD18962448F47D0047F83F /* 99names */,
				1BCD18AC2448F47F0047F83F /* 99namesTests */,
				1BCD18B72448F47F0047F83F /* 99namesUITests */,
			);
		};
/* End PBXProject section */

/* Begin PBXResourcesBuildPhase section */
		1BCD18952448F47D0047F83F /* Resources */ = {
			isa = PBXResourcesBuildPhase;
			buildActionMask = 2147483647;
			files = (
				1BCD18A72448F47F0047F83F /* LaunchScreen.storyboard in Resources */,
				1BCD18A42448F47F0047F83F /* Assets.xcassets in Resources */,
				1BCD18A22448F47D0047F83F /* Main.storyboard in Resources */,
				1BCD18E8244B68450047F83F /* studyCell.xib in Resources */,
			);
			runOnlyForDeploymentPostprocessing = 0;
		};
		1BCD18AB2448F47F0047F83F /* Resources */ = {
			isa = PBXResourcesBuildPhase;
			buildActionMask = 2147483647;
			files = (
			);
			runOnlyForDeploymentPostprocessing = 0;
		};
		1BCD18B62448F47F0047F83F /* Resources */ = {
			isa = PBXResourcesBuildPhase;
			buildActionMask = 2147483647;
			files = (
			);
			runOnlyForDeploymentPostprocessing = 0;
		};
/* End PBXResourcesBuildPhase section */

/* Begin PBXSourcesBuildPhase section */
		1BCD18932448F47D0047F83F /* Sources */ = {
			isa = PBXSourcesBuildPhase;
			buildActionMask = 2147483647;
			files = (
				1BCD18CB2448F7850047F83F /* ListVC.swift in Sources */,
				1BCD189B2448F47D0047F83F /* AppDelegate.swift in Sources */,
				1BCD18D7244B497C0047F83F /* StudyVC.swift in Sources */,
				1BCD18E7244B68450047F83F /* studyCell.swift in Sources */,
				1BCD18EA244B6BE10047F83F /* UPCarouselFlowLayout.swift in Sources */,
				1BCD18DC244B49EB0047F83F /* iCarousel.m in Sources */,
				1BCD18D1244912B20047F83F /* object.swift in Sources */,
				1BCD189D2448F47D0047F83F /* SceneDelegate.swift in Sources */,
				1BCD18CF244903700047F83F /* nameCell.swift in Sources */,
				1BCD18D5244B34110047F83F /* MemorizedVC.swift in Sources */,
			);
			runOnlyForDeploymentPostprocessing = 0;
		};
		1BCD18A92448F47F0047F83F /* Sources */ = {
			isa = PBXSourcesBuildPhase;
			buildActionMask = 2147483647;
			files = (
				1BCD18B22448F47F0047F83F /* _9namesTests.swift in Sources */,
			);
			runOnlyForDeploymentPostprocessing = 0;
		};
		1BCD18B42448F47F0047F83F /* Sources */ = {
			isa = PBXSourcesBuildPhase;
			buildActionMask = 2147483647;
			files = (
				1BCD18BD2448F47F0047F83F /* _9namesUITests.swift in Sources */,
			);
			runOnlyForDeploymentPostprocessing = 0;
		};
/* End PBXSourcesBuildPhase section */

/* Begin PBXTargetDependency section */
		1BCD18AF2448F47F0047F83F /* PBXTargetDependency */ = {
			isa = PBXTargetDependency;
			target = 1BCD18962448F47D0047F83F /* 99names */;
			targetProxy = 1BCD18AE2448F47F0047F83F /* PBXContainerItemProxy */;
		};
		1BCD18BA2448F47F0047F83F /* PBXTargetDependency */ = {
			isa = PBXTargetDependency;
			target = 1BCD18962448F47D0047F83F /* 99names */;
			targetProxy = 1BCD18B92448F47F0047F83F /* PBXContainerItemProxy */;
		};
/* End PBXTargetDependency section */

/* Begin PBXVariantGroup section */
		1BCD18A02448F47D0047F83F /* Main.storyboard */ = {
			isa = PBXVariantGroup;
			children = (
				1BCD18A12448F47D0047F83F /* Base */,
			);
			name = Main.storyboard;
			sourceTree = "<group>";
		};
		1BCD18A52448F47F0047F83F /* LaunchScreen.storyboard */ = {
			isa = PBXVariantGroup;
			children = (
				1BCD18A62448F47F0047F83F /* Base */,
			);
			name = LaunchScreen.storyboard;
			sourceTree = "<group>";
		};
/* End PBXVariantGroup section */

/* Begin XCBuildConfiguration section */
		1BCD18BF2448F47F0047F83F /* Debug */ = {
			isa = XCBuildConfiguration;
			buildSettings = {
				ALWAYS_SEARCH_USER_PATHS = NO;
				CLANG_ANALYZER_NONNULL = YES;
				CLANG_ANALYZER_NUMBER_OBJECT_CONVERSION = YES_AGGRESSIVE;
				CLANG_CXX_LANGUAGE_STANDARD = "gnu++14";
				CLANG_CXX_LIBRARY = "libc++";
				CLANG_ENABLE_MODULES = YES;
				CLANG_ENABLE_OBJC_ARC = YES;
				CLANG_ENABLE_OBJC_WEAK = YES;
				CLANG_WARN_BLOCK_CAPTURE_AUTORELEASING = YES;
				CLANG_WARN_BOOL_CONVERSION = YES;
				CLANG_WARN_COMMA = YES;
				CLANG_WARN_CONSTANT_CONVERSION = YES;
				CLANG_WARN_DEPRECATED_OBJC_IMPLEMENTATIONS = YES;
				CLANG_WARN_DIRECT_OBJC_ISA_USAGE = YES_ERROR;
				CLANG_WARN_DOCUMENTATION_COMMENTS = YES;
				CLANG_WARN_EMPTY_BODY = YES;
				CLANG_WARN_ENUM_CONVERSION = YES;
				CLANG_WARN_INFINITE_RECURSION = YES;
				CLANG_WARN_INT_CONVERSION = YES;
				CLANG_WARN_NON_LITERAL_NULL_CONVERSION = YES;
				CLANG_WARN_OBJC_IMPLICIT_RETAIN_SELF = YES;
				CLANG_WARN_OBJC_LITERAL_CONVERSION = YES;
				CLANG_WARN_OBJC_ROOT_CLASS = YES_ERROR;
				CLANG_WARN_RANGE_LOOP_ANALYSIS = YES;
				CLANG_WARN_STRICT_PROTOTYPES = YES;
				CLANG_WARN_SUSPICIOUS_MOVE = YES;
				CLANG_WARN_UNGUARDED_AVAILABILITY = YES_AGGRESSIVE;
				CLANG_WARN_UNREACHABLE_CODE = YES;
				CLANG_WARN__DUPLICATE_METHOD_MATCH = YES;
				COPY_PHASE_STRIP = NO;
				DEBUG_INFORMATION_FORMAT = dwarf;
				ENABLE_STRICT_OBJC_MSGSEND = YES;
				ENABLE_TESTABILITY = YES;
				GCC_C_LANGUAGE_STANDARD = gnu11;
				GCC_DYNAMIC_NO_PIC = NO;
				GCC_NO_COMMON_BLOCKS = YES;
				GCC_OPTIMIZATION_LEVEL = 0;
				GCC_PREPROCESSOR_DEFINITIONS = (
					"DEBUG=1",
					"$(inherited)",
				);
				GCC_WARN_64_TO_32_BIT_CONVERSION = YES;
				GCC_WARN_ABOUT_RETURN_TYPE = YES_ERROR;
				GCC_WARN_UNDECLARED_SELECTOR = YES;
				GCC_WARN_UNINITIALIZED_AUTOS = YES_AGGRESSIVE;
				GCC_WARN_UNUSED_FUNCTION = YES;
				GCC_WARN_UNUSED_VARIABLE = YES;
				IPHONEOS_DEPLOYMENT_TARGET = 13.2;
				MTL_ENABLE_DEBUG_INFO = INCLUDE_SOURCE;
				MTL_FAST_MATH = YES;
				ONLY_ACTIVE_ARCH = YES;
				SDKROOT = iphoneos;
				SWIFT_ACTIVE_COMPILATION_CONDITIONS = DEBUG;
				SWIFT_OPTIMIZATION_LEVEL = "-Onone";
			};
			name = Debug;
		};
		1BCD18C02448F47F0047F83F /* Release */ = {
			isa = XCBuildConfiguration;
			buildSettings = {
				ALWAYS_SEARCH_USER_PATHS = NO;
				CLANG_ANALYZER_NONNULL = YES;
				CLANG_ANALYZER_NUMBER_OBJECT_CONVERSION = YES_AGGRESSIVE;
				CLANG_CXX_LANGUAGE_STANDARD = "gnu++14";
				CLANG_CXX_LIBRARY = "libc++";
				CLANG_ENABLE_MODULES = YES;
				CLANG_ENABLE_OBJC_ARC = YES;
				CLANG_ENABLE_OBJC_WEAK = YES;
				CLANG_WARN_BLOCK_CAPTURE_AUTORELEASING = YES;
				CLANG_WARN_BOOL_CONVERSION = YES;
				CLANG_WARN_COMMA = YES;
				CLANG_WARN_CONSTANT_CONVERSION = YES;
				CLANG_WARN_DEPRECATED_OBJC_IMPLEMENTATIONS = YES;
				CLANG_WARN_DIRECT_OBJC_ISA_USAGE = YES_ERROR;
				CLANG_WARN_DOCUMENTATION_COMMENTS = YES;
				CLANG_WARN_EMPTY_BODY = YES;
				CLANG_WARN_ENUM_CONVERSION = YES;
				CLANG_WARN_INFINITE_RECURSION = YES;
				CLANG_WARN_INT_CONVERSION = YES;
				CLANG_WARN_NON_LITERAL_NULL_CONVERSION = YES;
				CLANG_WARN_OBJC_IMPLICIT_RETAIN_SELF = YES;
				CLANG_WARN_OBJC_LITERAL_CONVERSION = YES;
				CLANG_WARN_OBJC_ROOT_CLASS = YES_ERROR;
				CLANG_WARN_RANGE_LOOP_ANALYSIS = YES;
				CLANG_WARN_STRICT_PROTOTYPES = YES;
				CLANG_WARN_SUSPICIOUS_MOVE = YES;
				CLANG_WARN_UNGUARDED_AVAILABILITY = YES_AGGRESSIVE;
				CLANG_WARN_UNREACHABLE_CODE = YES;
				CLANG_WARN__DUPLICATE_METHOD_MATCH = YES;
				COPY_PHASE_STRIP = NO;
				DEBUG_INFORMATION_FORMAT = "dwarf-with-dsym";
				ENABLE_NS_ASSERTIONS = NO;
				ENABLE_STRICT_OBJC_MSGSEND = YES;
				GCC_C_LANGUAGE_STANDARD = gnu11;
				GCC_NO_COMMON_BLOCKS = YES;
				GCC_WARN_64_TO_32_BIT_CONVERSION = YES;
				GCC_WARN_ABOUT_RETURN_TYPE = YES_ERROR;
				GCC_WARN_UNDECLARED_SELECTOR = YES;
				GCC_WARN_UNINITIALIZED_AUTOS = YES_AGGRESSIVE;
				GCC_WARN_UNUSED_FUNCTION = YES;
				GCC_WARN_UNUSED_VARIABLE = YES;
				IPHONEOS_DEPLOYMENT_TARGET = 13.2;
				MTL_ENABLE_DEBUG_INFO = NO;
				MTL_FAST_MATH = YES;
				SDKROOT = iphoneos;
				SWIFT_COMPILATION_MODE = wholemodule;
				SWIFT_OPTIMIZATION_LEVEL = "-O";
				VALIDATE_PRODUCT = YES;
			};
			name = Release;
		};
		1BCD18C22448F47F0047F83F /* Debug */ = {
			isa = XCBuildConfiguration;
			buildSettings = {
				ASSETCATALOG_COMPILER_APPICON_NAME = AppIcon;
				CLANG_ENABLE_MODULES = YES;
				CODE_SIGN_STYLE = Automatic;
				DEVELOPMENT_TEAM = FQX45R5BVV;
				INFOPLIST_FILE = 99names/Info.plist;
				LD_RUNPATH_SEARCH_PATHS = (
					"$(inherited)",
					"@executable_path/Frameworks",
				);
				PRODUCT_BUNDLE_IDENTIFIER = "hchowdhury.-9names";
				PRODUCT_NAME = "$(TARGET_NAME)";
				SWIFT_OBJC_BRIDGING_HEADER = "99names/Carousel/99names-Bridging-Header.h";
				SWIFT_OPTIMIZATION_LEVEL = "-Onone";
				SWIFT_VERSION = 5.0;
				TARGETED_DEVICE_FAMILY = "1,2";
			};
			name = Debug;
		};
		1BCD18C32448F47F0047F83F /* Release */ = {
			isa = XCBuildConfiguration;
			buildSettings = {
				ASSETCATALOG_COMPILER_APPICON_NAME = AppIcon;
				CLANG_ENABLE_MODULES = YES;
				CODE_SIGN_STYLE = Automatic;
				DEVELOPMENT_TEAM = FQX45R5BVV;
				INFOPLIST_FILE = 99names/Info.plist;
				LD_RUNPATH_SEARCH_PATHS = (
					"$(inherited)",
					"@executable_path/Frameworks",
				);
				PRODUCT_BUNDLE_IDENTIFIER = "hchowdhury.-9names";
				PRODUCT_NAME = "$(TARGET_NAME)";
				SWIFT_OBJC_BRIDGING_HEADER = "99names/Carousel/99names-Bridging-Header.h";
				SWIFT_VERSION = 5.0;
				TARGETED_DEVICE_FAMILY = "1,2";
			};
			name = Release;
		};
		1BCD18C52448F47F0047F83F /* Debug */ = {
			isa = XCBuildConfiguration;
			buildSettings = {
				ALWAYS_EMBED_SWIFT_STANDARD_LIBRARIES = YES;
				BUNDLE_LOADER = "$(TEST_HOST)";
				CODE_SIGN_STYLE = Automatic;
				DEVELOPMENT_TEAM = FQX45R5BVV;
				INFOPLIST_FILE = 99namesTests/Info.plist;
				IPHONEOS_DEPLOYMENT_TARGET = 13.2;
				LD_RUNPATH_SEARCH_PATHS = (
					"$(inherited)",
					"@executable_path/Frameworks",
					"@loader_path/Frameworks",
				);
				PRODUCT_BUNDLE_IDENTIFIER = "hchowdhury.-9namesTests";
				PRODUCT_NAME = "$(TARGET_NAME)";
				SWIFT_VERSION = 5.0;
				TARGETED_DEVICE_FAMILY = "1,2";
				TEST_HOST = "$(BUILT_PRODUCTS_DIR)/99names.app/99names";
			};
			name = Debug;
		};
		1BCD18C62448F47F0047F83F /* Release */ = {
			isa = XCBuildConfiguration;
			buildSettings = {
				ALWAYS_EMBED_SWIFT_STANDARD_LIBRARIES = YES;
				BUNDLE_LOADER = "$(TEST_HOST)";
				CODE_SIGN_STYLE = Automatic;
				DEVELOPMENT_TEAM = FQX45R5BVV;
				INFOPLIST_FILE = 99namesTests/Info.plist;
				IPHONEOS_DEPLOYMENT_TARGET = 13.2;
				LD_RUNPATH_SEARCH_PATHS = (
					"$(inherited)",
					"@executable_path/Frameworks",
					"@loader_path/Frameworks",
				);
				PRODUCT_BUNDLE_IDENTIFIER = "hchowdhury.-9namesTests";
				PRODUCT_NAME = "$(TARGET_NAME)";
				SWIFT_VERSION = 5.0;
				TARGETED_DEVICE_FAMILY = "1,2";
				TEST_HOST = "$(BUILT_PRODUCTS_DIR)/99names.app/99names";
			};
			name = Release;
		};
		1BCD18C82448F47F0047F83F /* Debug */ = {
			isa = XCBuildConfiguration;
			buildSettings = {
				ALWAYS_EMBED_SWIFT_STANDARD_LIBRARIES = YES;
				CODE_SIGN_STYLE = Automatic;
				DEVELOPMENT_TEAM = FQX45R5BVV;
				INFOPLIST_FILE = 99namesUITests/Info.plist;
				LD_RUNPATH_SEARCH_PATHS = (
					"$(inherited)",
					"@executable_path/Frameworks",
					"@loader_path/Frameworks",
				);
				PRODUCT_BUNDLE_IDENTIFIER = "hchowdhury.-9namesUITests";
				PRODUCT_NAME = "$(TARGET_NAME)";
				SWIFT_VERSION = 5.0;
				TARGETED_DEVICE_FAMILY = "1,2";
				TEST_TARGET_NAME = 99names;
			};
			name = Debug;
		};
		1BCD18C92448F47F0047F83F /* Release */ = {
			isa = XCBuildConfiguration;
			buildSettings = {
				ALWAYS_EMBED_SWIFT_STANDARD_LIBRARIES = YES;
				CODE_SIGN_STYLE = Automatic;
				DEVELOPMENT_TEAM = FQX45R5BVV;
				INFOPLIST_FILE = 99namesUITests/Info.plist;
				LD_RUNPATH_SEARCH_PATHS = (
					"$(inherited)",
					"@executable_path/Frameworks",
					"@loader_path/Frameworks",
				);
				PRODUCT_BUNDLE_IDENTIFIER = "hchowdhury.-9namesUITests";
				PRODUCT_NAME = "$(TARGET_NAME)";
				SWIFT_VERSION = 5.0;
				TARGETED_DEVICE_FAMILY = "1,2";
				TEST_TARGET_NAME = 99names;
			};
			name = Release;
		};
/* End XCBuildConfiguration section */

/* Begin XCConfigurationList section */
		1BCD18922448F47D0047F83F /* Build configuration list for PBXProject "99names" */ = {
			isa = XCConfigurationList;
			buildConfigurations = (
				1BCD18BF2448F47F0047F83F /* Debug */,
				1BCD18C02448F47F0047F83F /* Release */,
			);
			defaultConfigurationIsVisible = 0;
			defaultConfigurationName = Release;
		};
		1BCD18C12448F47F0047F83F /* Build configuration list for PBXNativeTarget "99names" */ = {
			isa = XCConfigurationList;
			buildConfigurations = (
				1BCD18C22448F47F0047F83F /* Debug */,
				1BCD18C32448F47F0047F83F /* Release */,
			);
			defaultConfigurationIsVisible = 0;
			defaultConfigurationName = Release;
		};
		1BCD18C42448F47F0047F83F /* Build configuration list for PBXNativeTarget "99namesTests" */ = {
			isa = XCConfigurationList;
			buildConfigurations = (
				1BCD18C52448F47F0047F83F /* Debug */,
				1BCD18C62448F47F0047F83F /* Release */,
			);
			defaultConfigurationIsVisible = 0;
			defaultConfigurationName = Release;
		};
		1BCD18C72448F47F0047F83F /* Build configuration list for PBXNativeTarget "99namesUITests" */ = {
			isa = XCConfigurationList;
			buildConfigurations = (
				1BCD18C82448F47F0047F83F /* Debug */,
				1BCD18C92448F47F0047F83F /* Release */,
			);
			defaultConfigurationIsVisible = 0;
			defaultConfigurationName = Release;
		};
/* End XCConfigurationList section */
	};
	rootObject = 1BCD188F2448F47D0047F83F /* Project object */;
}
